
Microsoft Visual Studio Solution File, Format Version 12.00
Project("{FAE04EC0-301F-11D3-BF4B-00C04F79EFBC}") = "ConsoleApp3", "ConsoleApp3.csproj", "{03D6790D-E581-4F35-A246-51B5B6F7537E}"
EndProject
Global
	GlobalSection(SolutionConfigurationPlatforms) = preSolution
		Debug|Any CPU = Debug|Any CPU
		Release|Any CPU = Release|Any CPU
	EndGlobalSection
	GlobalSection(ProjectConfigurationPlatforms) = postSolution
		{03D6790D-E581-4F35-A246-51B5B6F7537E}.Debug|Any CPU.ActiveCfg = Debug|Any CPU
		{03D6790D-E581-4F35-A246-51B5B6F7537E}.Debug|Any CPU.Build.0 = Debug|Any CPU
		{03D6790D-E581-4F35-A246-51B5B6F7537E}.Release|Any CPU.ActiveCfg = Release|Any CPU
		{03D6790D-E581-4F35-A246-51B5B6F7537E}.Release|Any CPU.Build.0 = Release|Any CPU
	EndGlobalSection
EndGlobal
